
Microsoft Visual Studio Solution File, Format Version 12.00
# Visual Studio Version 17
VisualStudioVersion = 17.11.35219.272
MinimumVisualStudioVersion = 10.0.40219.1
Project("{FAE04EC0-301F-11D3-BF4B-00C04F79EFBC}") = "Api_Empleado", "Api_Empleado\Api_Empleado.csproj", "{9ABD21E6-EDAB-4999-A970-FC00F1E97EAB}"
EndProject
Global
	GlobalSection(SolutionConfigurationPlatforms) = preSolution
		Debug|Any CPU = Debug|Any CPU
		Release|Any CPU = Release|Any CPU
	EndGlobalSection
	GlobalSection(ProjectConfigurationPlatforms) = postSolution
		{9ABD21E6-EDAB-4999-A970-FC00F1E97EAB}.Debug|Any CPU.ActiveCfg = Debug|Any CPU
		{9ABD21E6-EDAB-4999-A970-FC00F1E97EAB}.Debug|Any CPU.Build.0 = Debug|Any CPU
		{9ABD21E6-EDAB-4999-A970-FC00F1E97EAB}.Release|Any CPU.ActiveCfg = Release|Any CPU
		{9ABD21E6-EDAB-4999-A970-FC00F1E97EAB}.Release|Any CPU.Build.0 = Release|Any CPU
	EndGlobalSection
	GlobalSection(SolutionProperties) = preSolution
		HideSolutionNode = FALSE
	EndGlobalSection
	GlobalSection(ExtensibilityGlobals) = postSolution
		SolutionGuid = {E7D25E22-15FB-41A1-BDA4-711469E4F8B8}
	EndGlobalSection
EndGlobal
